{
  "originHash" : "e27095761079a63fd4d89165a5e5ceb0c3e818a3a035971ac30ef3ab1fbe5dce",
  "pins" : [
    {
      "identity" : "realm-core",
      "kind" : "remoteSourceControl",
      "location" : "https://github.com/realm/realm-core.git",
      "state" : {
        "revision" : "cccb3ca9e26ec452a29f2f0d4050d1e38b8a3d43",
        "version" : "14.14.0"
      }
    },
    {
      "identity" : "realm-swift",
      "kind" : "remoteSourceControl",
      "location" : "https://github.com/realm/realm-swift.git",
      "state" : {
        "branch" : "master",
        "revision" : "c22f9303d446fc3c044e4c151ed19597464b6bd7"
      }
    }
  ],
  "version" : 3
}
